// !$*UTF8*$!
{
	archiveVersion = 1;
	classes = {
	};
	objectVersion = 50;
	objects = {

/* Begin PBXBuildFile section */
		EAC1C57420ECD3D800D2B346 /* AppDelegate.swift in Sources */ = {isa = PBXBuildFile; fileRef = EAC1C57320ECD3D800D2B346 /* AppDelegate.swift */; };
		EAC1C57920ECD3D800D2B346 /* Main.storyboard in Resources */ = {isa = PBXBuildFile; fileRef = EAC1C57720ECD3D800D2B346 /* Main.storyboard */; };
		EAC1C57B20ECD3DA00D2B346 /* Assets.xcassets in Resources */ = {isa = PBXBuildFile; fileRef = EAC1C57A20ECD3DA00D2B346 /* Assets.xcassets */; };
		EAC1C57E20ECD3DA00D2B346 /* LaunchScreen.storyboard in Resources */ = {isa = PBXBuildFile; fileRef = EAC1C57C20ECD3DA00D2B346 /* LaunchScreen.storyboard */; };
		EAC1C58620ECD52800D2B346 /* ToDoItem.swift in Sources */ = {isa = PBXBuildFile; fileRef = EAC1C58520ECD52800D2B346 /* ToDoItem.swift */; };
		EAC1C58820ECD78000D2B346 /* DataManager.swift in Sources */ = {isa = PBXBuildFile; fileRef = EAC1C58720ECD78000D2B346 /* DataManager.swift */; };
		EAEBFC3920FDE752007956CB /* AddTodoViewController.swift in Sources */ = {isa = PBXBuildFile; fileRef = EAEBFC3820FDE752007956CB /* AddTodoViewController.swift */; };
		EAEE6EA920F4B03D00C6B3D5 /* ContainerViewController.swift in Sources */ = {isa = PBXBuildFile; fileRef = EAEE6EA820F4B03D00C6B3D5 /* ContainerViewController.swift */; };
		EAFDEDF120ECFA9400F77FCB /* ToDoTableViewCell.swift in Sources */ = {isa = PBXBuildFile; fileRef = EAFDEDF020ECFA9400F77FCB /* ToDoTableViewCell.swift */; };
		EAFDEDF320ECFAAA00F77FCB /* ToDoTableViewController.swift in Sources */ = {isa = PBXBuildFile; fileRef = EAFDEDF220ECFAAA00F77FCB /* ToDoTableViewController.swift */; };
/* End PBXBuildFile section */

/* Begin PBXFileReference section */
		EAC1C57020ECD3D800D2B346 /* Todo.app */ = {isa = PBXFileReference; explicitFileType = wrapper.application; includeInIndex = 0; path = Todo.app; sourceTree = BUILT_PRODUCTS_DIR; };
		EAC1C57320ECD3D800D2B346 /* AppDelegate.swift */ = {isa = PBXFileReference; lastKnownFileType = sourcecode.swift; path = AppDelegate.swift; sourceTree = "<group>"; };
		EAC1C57820ECD3D800D2B346 /* Base */ = {isa = PBXFileReference; lastKnownFileType = file.storyboard; name = Base; path = Base.lproj/Main.storyboard; sourceTree = "<group>"; };
		EAC1C57A20ECD3DA00D2B346 /* Assets.xcassets */ = {isa = PBXFileReference; lastKnownFileType = folder.assetcatalog; path = Assets.xcassets; sourceTree = "<group>"; };
		EAC1C57D20ECD3DA00D2B346 /* Base */ = {isa = PBXFileReference; lastKnownFileType = file.storyboard; name = Base; path = Base.lproj/LaunchScreen.storyboard; sourceTree = "<group>"; };
		EAC1C57F20ECD3DA00D2B346 /* Info.plist */ = {isa = PBXFileReference; lastKnownFileType = text.plist.xml; path = Info.plist; sourceTree = "<group>"; };
		EAC1C58520ECD52800D2B346 /* ToDoItem.swift */ = {isa = PBXFileReference; lastKnownFileType = sourcecode.swift; path = ToDoItem.swift; sourceTree = "<group>"; };
		EAC1C58720ECD78000D2B346 /* DataManager.swift */ = {isa = PBXFileReference; lastKnownFileType = sourcecode.swift; path = DataManager.swift; sourceTree = "<group>"; };
		EAEBFC3820FDE752007956CB /* AddTodoViewController.swift */ = {isa = PBXFileReference; lastKnownFileType = sourcecode.swift; path = AddTodoViewController.swift; sourceTree = "<group>"; };
		EAEE6EA820F4B03D00C6B3D5 /* ContainerViewController.swift */ = {isa = PBXFileReference; lastKnownFileType = sourcecode.swift; path = ContainerViewController.swift; sourceTree = "<group>"; };
		EAFDEDF020ECFA9400F77FCB /* ToDoTableViewCell.swift */ = {isa = PBXFileReference; lastKnownFileType = sourcecode.swift; path = ToDoTableViewCell.swift; sourceTree = "<group>"; };
		EAFDEDF220ECFAAA00F77FCB /* ToDoTableViewController.swift */ = {isa = PBXFileReference; lastKnownFileType = sourcecode.swift; path = ToDoTableViewController.swift; sourceTree = "<group>"; };
/* End PBXFileReference section */

/* Begin PBXFrameworksBuildPhase section */
		EAC1C56D20ECD3D800D2B346 /* Frameworks */ = {
			isa = PBXFrameworksBuildPhase;
			buildActionMask = 2147483647;
			files = (
			);
			runOnlyForDeploymentPostprocessing = 0;
		};
/* End PBXFrameworksBuildPhase section */

/* Begin PBXGroup section */
		EA70031120FDF29C001B9F71 /* Data */ = {
			isa = PBXGroup;
			children = (
				EAC1C58520ECD52800D2B346 /* ToDoItem.swift */,
				EAC1C58720ECD78000D2B346 /* DataManager.swift */,
			);
			path = Data;
			sourceTree = "<group>";
		};
		EA92512B20FDE52F00D3076F /* VCs */ = {
			isa = PBXGroup;
			children = (
				EAEBFC3820FDE752007956CB /* AddTodoViewController.swift */,
				EAEE6EA820F4B03D00C6B3D5 /* ContainerViewController.swift */,
				EAFDEDF220ECFAAA00F77FCB /* ToDoTableViewController.swift */,
				EAFDEDF020ECFA9400F77FCB /* ToDoTableViewCell.swift */,
			);
			path = VCs;
			sourceTree = "<group>";
		};
		EAC1C56720ECD3D700D2B346 = {
			isa = PBXGroup;
			children = (
				EAC1C57220ECD3D800D2B346 /* Todo */,
				EAC1C57120ECD3D800D2B346 /* Products */,
			);
			sourceTree = "<group>";
		};
		EAC1C57120ECD3D800D2B346 /* Products */ = {
			isa = PBXGroup;
			children = (
				EAC1C57020ECD3D800D2B346 /* Todo.app */,
			);
			name = Products;
			sourceTree = "<group>";
		};
		EAC1C57220ECD3D800D2B346 /* Todo */ = {
			isa = PBXGroup;
			children = (
				EAC1C57320ECD3D800D2B346 /* AppDelegate.swift */,
				EA70031120FDF29C001B9F71 /* Data */,
				EA92512B20FDE52F00D3076F /* VCs */,
				EAC1C57720ECD3D800D2B346 /* Main.storyboard */,
				EAC1C57A20ECD3DA00D2B346 /* Assets.xcassets */,
				EAC1C57C20ECD3DA00D2B346 /* LaunchScreen.storyboard */,
				EAC1C57F20ECD3DA00D2B346 /* Info.plist */,
			);
			path = Todo;
			sourceTree = "<group>";
		};
/* End PBXGroup section */

/* Begin PBXNativeTarget section */
		EAC1C56F20ECD3D800D2B346 /* Todo */ = {
			isa = PBXNativeTarget;
			buildConfigurationList = EAC1C58220ECD3DA00D2B346 /* Build configuration list for PBXNativeTarget "Todo" */;
			buildPhases = (
				EAC1C56C20ECD3D800D2B346 /* Sources */,
				EAC1C56D20ECD3D800D2B346 /* Frameworks */,
				EAC1C56E20ECD3D800D2B346 /* Resources */,
			);
			buildRules = (
			);
			dependencies = (
			);
			name = Todo;
			productName = Todo;
			productReference = EAC1C57020ECD3D800D2B346 /* Todo.app */;
			productType = "com.apple.product-type.application";
		};
/* End PBXNativeTarget section */

/* Begin PBXProject section */
		EAC1C56820ECD3D800D2B346 /* Project object */ = {
			isa = PBXProject;
			attributes = {
				LastSwiftUpdateCheck = 0940;
				LastUpgradeCheck = 0940;
				ORGANIZATIONNAME = TonyTang;
				TargetAttributes = {
					EAC1C56F20ECD3D800D2B346 = {
						CreatedOnToolsVersion = 9.4.1;
					};
				};
			};
			buildConfigurationList = EAC1C56B20ECD3D800D2B346 /* Build configuration list for PBXProject "Todo" */;
			compatibilityVersion = "Xcode 9.3";
			developmentRegion = en;
			hasScannedForEncodings = 0;
			knownRegions = (
				en,
				Base,
			);
			mainGroup = EAC1C56720ECD3D700D2B346;
			productRefGroup = EAC1C57120ECD3D800D2B346 /* Products */;
			projectDirPath = "";
			projectRoot = "";
			targets = (
				EAC1C56F20ECD3D800D2B346 /* Todo */,
			);
		};
/* End PBXProject section */

/* Begin PBXResourcesBuildPhase section */
		EAC1C56E20ECD3D800D2B346 /* Resources */ = {
			isa = PBXResourcesBuildPhase;
			buildActionMask = 2147483647;
			files = (
				EAC1C57E20ECD3DA00D2B346 /* LaunchScreen.storyboard in Resources */,
				EAC1C57B20ECD3DA00D2B346 /* Assets.xcassets in Resources */,
				EAC1C57920ECD3D800D2B346 /* Main.storyboard in Resources */,
			);
			runOnlyForDeploymentPostprocessing = 0;
		};
/* End PBXResourcesBuildPhase section */

/* Begin PBXSourcesBuildPhase section */
		EAC1C56C20ECD3D800D2B346 /* Sources */ = {
			isa = PBXSourcesBuildPhase;
			buildActionMask = 2147483647;
			files = (
				EAC1C58820ECD78000D2B346 /* DataManager.swift in Sources */,
				EAEBFC3920FDE752007956CB /* AddTodoViewController.swift in Sources */,
				EAC1C57420ECD3D800D2B346 /* AppDelegate.swift in Sources */,
				EAC1C58620ECD52800D2B346 /* ToDoItem.swift in Sources */,
				EAFDEDF120ECFA9400F77FCB /* ToDoTableViewCell.swift in Sources */,
				EAEE6EA920F4B03D00C6B3D5 /* ContainerViewController.swift in Sources */,
				EAFDEDF320ECFAAA00F77FCB /* ToDoTableViewController.swift in Sources */,
			);
			runOnlyForDeploymentPostprocessing = 0;
		};
/* End PBXSourcesBuildPhase section */

/* Begin PBXVariantGroup section */
		EAC1C57720ECD3D800D2B346 /* Main.storyboard */ = {
			isa = PBXVariantGroup;
			children = (
				EAC1C57820ECD3D800D2B346 /* Base */,
			);
			name = Main.storyboard;
			sourceTree = "<group>";
		};
		EAC1C57C20ECD3DA00D2B346 /* LaunchScreen.storyboard */ = {
			isa = PBXVariantGroup;
			children = (
				EAC1C57D20ECD3DA00D2B346 /* Base */,
			);
			name = LaunchScreen.storyboard;
			sourceTree = "<group>";
		};
/* End PBXVariantGroup section */

/* Begin XCBuildConfiguration section */
		EAC1C58020ECD3DA00D2B346 /* Debug */ = {
			isa = XCBuildConfiguration;
			buildSettings = {
				ALWAYS_SEARCH_USER_PATHS = NO;
				CLANG_ANALYZER_NONNULL = YES;
				CLANG_ANALYZER_NUMBER_OBJECT_CONVERSION = YES_AGGRESSIVE;
				CLANG_CXX_LANGUAGE_STANDARD = "gnu++14";
				CLANG_CXX_LIBRARY = "libc++";
				CLANG_ENABLE_MODULES = YES;
				CLANG_ENABLE_OBJC_ARC = YES;
				CLANG_ENABLE_OBJC_WEAK = YES;
				CLANG_WARN_BLOCK_CAPTURE_AUTORELEASING = YES;
				CLANG_WARN_BOOL_CONVERSION = YES;
				CLANG_WARN_COMMA = YES;
				CLANG_WARN_CONSTANT_CONVERSION = YES;
				CLANG_WARN_DEPRECATED_OBJC_IMPLEMENTATIONS = YES;
				CLANG_WARN_DIRECT_OBJC_ISA_USAGE = YES_ERROR;
				CLANG_WARN_DOCUMENTATION_COMMENTS = YES;
				CLANG_WARN_EMPTY_BODY = YES;
				CLANG_WARN_ENUM_CONVERSION = YES;
				CLANG_WARN_INFINITE_RECURSION = YES;
				CLANG_WARN_INT_CONVERSION = YES;
				CLANG_WARN_NON_LITERAL_NULL_CONVERSION = YES;
				CLANG_WARN_OBJC_IMPLICIT_RETAIN_SELF = YES;
				CLANG_WARN_OBJC_LITERAL_CONVERSION = YES;
				CLANG_WARN_OBJC_ROOT_CLASS = YES_ERROR;
				CLANG_WARN_RANGE_LOOP_ANALYSIS = YES;
				CLANG_WARN_STRICT_PROTOTYPES = YES;
				CLANG_WARN_SUSPICIOUS_MOVE = YES;
				CLANG_WARN_UNGUARDED_AVAILABILITY = YES_AGGRESSIVE;
				CLANG_WARN_UNREACHABLE_CODE = YES;
				CLANG_WARN__DUPLICATE_METHOD_MATCH = YES;
				CODE_SIGN_IDENTITY = "iPhone Developer";
				COPY_PHASE_STRIP = NO;
				DEBUG_INFORMATION_FORMAT = dwarf;
				ENABLE_STRICT_OBJC_MSGSEND = YES;
				ENABLE_TESTABILITY = YES;
				GCC_C_LANGUAGE_STANDARD = gnu11;
				GCC_DYNAMIC_NO_PIC = NO;
				GCC_NO_COMMON_BLOCKS = YES;
				GCC_OPTIMIZATION_LEVEL = 0;
				GCC_PREPROCESSOR_DEFINITIONS = (
					"DEBUG=1",
					"$(inherited)",
				);
				GCC_WARN_64_TO_32_BIT_CONVERSION = YES;
				GCC_WARN_ABOUT_RETURN_TYPE = YES_ERROR;
				GCC_WARN_UNDECLARED_SELECTOR = YES;
				GCC_WARN_UNINITIALIZED_AUTOS = YES_AGGRESSIVE;
				GCC_WARN_UNUSED_FUNCTION = YES;
				GCC_WARN_UNUSED_VARIABLE = YES;
				IPHONEOS_DEPLOYMENT_TARGET = 11.4;
				MTL_ENABLE_DEBUG_INFO = YES;
				ONLY_ACTIVE_ARCH = YES;
				SDKROOT = iphoneos;
				SWIFT_ACTIVE_COMPILATION_CONDITIONS = DEBUG;
				SWIFT_OPTIMIZATION_LEVEL = "-Onone";
			};
			name = Debug;
		};
		EAC1C58120ECD3DA00D2B346 /* Release */ = {
			isa = XCBuildConfiguration;
			buildSettings = {
				ALWAYS_SEARCH_USER_PATHS = NO;
				CLANG_ANALYZER_NONNULL = YES;
				CLANG_ANALYZER_NUMBER_OBJECT_CONVERSION = YES_AGGRESSIVE;
				CLANG_CXX_LANGUAGE_STANDARD = "gnu++14";
				CLANG_CXX_LIBRARY = "libc++";
				CLANG_ENABLE_MODULES = YES;
				CLANG_ENABLE_OBJC_ARC = YES;
				CLANG_ENABLE_OBJC_WEAK = YES;
				CLANG_WARN_BLOCK_CAPTURE_AUTORELEASING = YES;
				CLANG_WARN_BOOL_CONVERSION = YES;
				CLANG_WARN_COMMA = YES;
				CLANG_WARN_CONSTANT_CONVERSION = YES;
				CLANG_WARN_DEPRECATED_OBJC_IMPLEMENTATIONS = YES;
				CLANG_WARN_DIRECT_OBJC_ISA_USAGE = YES_ERROR;
				CLANG_WARN_DOCUMENTATION_COMMENTS = YES;
				CLANG_WARN_EMPTY_BODY = YES;
				CLANG_WARN_ENUM_CONVERSION = YES;
				CLANG_WARN_INFINITE_RECURSION = YES;
				CLANG_WARN_INT_CONVERSION = YES;
				CLANG_WARN_NON_LITERAL_NULL_CONVERSION = YES;
				CLANG_WARN_OBJC_IMPLICIT_RETAIN_SELF = YES;
				CLANG_WARN_OBJC_LITERAL_CONVERSION = YES;
				CLANG_WARN_OBJC_ROOT_CLASS = YES_ERROR;
				CLANG_WARN_RANGE_LOOP_ANALYSIS = YES;
				CLANG_WARN_STRICT_PROTOTYPES = YES;
				CLANG_WARN_SUSPICIOUS_MOVE = YES;
				CLANG_WARN_UNGUARDED_AVAILABILITY = YES_AGGRESSIVE;
				CLANG_WARN_UNREACHABLE_CODE = YES;
				CLANG_WARN__DUPLICATE_METHOD_MATCH = YES;
				CODE_SIGN_IDENTITY = "iPhone Developer";
				COPY_PHASE_STRIP = NO;
				DEBUG_INFORMATION_FORMAT = "dwarf-with-dsym";
				ENABLE_NS_ASSERTIONS = NO;
				ENABLE_STRICT_OBJC_MSGSEND = YES;
				GCC_C_LANGUAGE_STANDARD = gnu11;
				GCC_NO_COMMON_BLOCKS = YES;
				GCC_WARN_64_TO_32_BIT_CONVERSION = YES;
				GCC_WARN_ABOUT_RETURN_TYPE = YES_ERROR;
				GCC_WARN_UNDECLARED_SELECTOR = YES;
				GCC_WARN_UNINITIALIZED_AUTOS = YES_AGGRESSIVE;
				GCC_WARN_UNUSED_FUNCTION = YES;
				GCC_WARN_UNUSED_VARIABLE = YES;
				IPHONEOS_DEPLOYMENT_TARGET = 11.4;
				MTL_ENABLE_DEBUG_INFO = NO;
				SDKROOT = iphoneos;
				SWIFT_COMPILATION_MODE = wholemodule;
				SWIFT_OPTIMIZATION_LEVEL = "-O";
				VALIDATE_PRODUCT = YES;
			};
			name = Release;
		};
		EAC1C58320ECD3DA00D2B346 /* Debug */ = {
			isa = XCBuildConfiguration;
			buildSettings = {
				ASSETCATALOG_COMPILER_APPICON_NAME = AppIcon;
				CLANG_CXX_LIBRARY = "libc++";
				CODE_SIGN_STYLE = Automatic;
				DEVELOPMENT_TEAM = 5V65NNG452;
				INFOPLIST_FILE = Todo/Info.plist;
				IPHONEOS_DEPLOYMENT_TARGET = 11.0;
				LD_RUNPATH_SEARCH_PATHS = (
					"$(inherited)",
					"@executable_path/Frameworks",
				);
				OTHER_LDFLAGS = "-ObjC";
				PRODUCT_BUNDLE_IDENTIFIER = com.itonytang.Todo;
				PRODUCT_NAME = "$(TARGET_NAME)";
				SWIFT_VERSION = 4.0;
				TARGETED_DEVICE_FAMILY = "1,2";
			};
			name = Debug;
		};
		EAC1C58420ECD3DA00D2B346 /* Release */ = {
			isa = XCBuildConfiguration;
			buildSettings = {
				ASSETCATALOG_COMPILER_APPICON_NAME = AppIcon;
				CLANG_CXX_LIBRARY = "libc++";
				CODE_SIGN_STYLE = Automatic;
				DEVELOPMENT_TEAM = 5V65NNG452;
				INFOPLIST_FILE = Todo/Info.plist;
				IPHONEOS_DEPLOYMENT_TARGET = 11.0;
				LD_RUNPATH_SEARCH_PATHS = (
					"$(inherited)",
					"@executable_path/Frameworks",
				);
				OTHER_LDFLAGS = "-ObjC";
				PRODUCT_BUNDLE_IDENTIFIER = com.itonytang.Todo;
				PRODUCT_NAME = "$(TARGET_NAME)";
				SWIFT_VERSION = 4.0;
				TARGETED_DEVICE_FAMILY = "1,2";
			};
			name = Release;
		};
/* End XCBuildConfiguration section */

/* Begin XCConfigurationList section */
		EAC1C56B20ECD3D800D2B346 /* Build configuration list for PBXProject "Todo" */ = {
			isa = XCConfigurationList;
			buildConfigurations = (
				EAC1C58020ECD3DA00D2B346 /* Debug */,
				EAC1C58120ECD3DA00D2B346 /* Release */,
			);
			defaultConfigurationIsVisible = 0;
			defaultConfigurationName = Release;
		};
		EAC1C58220ECD3DA00D2B346 /* Build configuration list for PBXNativeTarget "Todo" */ = {
			isa = XCConfigurationList;
			buildConfigurations = (
				EAC1C58320ECD3DA00D2B346 /* Debug */,
				EAC1C58420ECD3DA00D2B346 /* Release */,
			);
			defaultConfigurationIsVisible = 0;
			defaultConfigurationName = Release;
		};
/* End XCConfigurationList section */
	};
	rootObject = EAC1C56820ECD3D800D2B346 /* Project object */;
}
